
Microsoft Visual Studio Solution File, Format Version 12.00
# Visual Studio Version 16
VisualStudioVersion = 16.0.29209.62
MinimumVisualStudioVersion = 10.0.40219.1
Project("{9A19103F-16F7-4668-BE54-9A1E7A4F7556}") = "WiredBrain.CustomerPortal.Web", "WiredBrain.CustomerPortal.Web\WiredBrain.CustomerPortal.Web.csproj", "{61709748-C9BD-4BAA-BED9-1D353491F46B}"
EndProject
Project("{FAE04EC0-301F-11D3-BF4B-00C04F79EFBC}") = "Attacker.Web", "Attacker.Web\Attacker.Web.csproj", "{8D9568F4-018E-4CFB-9619-60DF5E337B01}"
EndProject
Global
	GlobalSection(SolutionConfigurationPlatforms) = preSolution
		Debug|Any CPU = Debug|Any CPU
		Release|Any CPU = Release|Any CPU
	EndGlobalSection
	GlobalSection(ProjectConfigurationPlatforms) = postSolution
		{61709748-C9BD-4BAA-BED9-1D353491F46B}.Debug|Any CPU.ActiveCfg = Debug|Any CPU
		{61709748-C9BD-4BAA-BED9-1D353491F46B}.Debug|Any CPU.Build.0 = Debug|Any CPU
		{61709748-C9BD-4BAA-BED9-1D353491F46B}.Release|Any CPU.ActiveCfg = Release|Any CPU
		{61709748-C9BD-4BAA-BED9-1D353491F46B}.Release|Any CPU.Build.0 = Release|Any CPU
		{8D9568F4-018E-4CFB-9619-60DF5E337B01}.Debug|Any CPU.ActiveCfg = Debug|Any CPU
		{8D9568F4-018E-4CFB-9619-60DF5E337B01}.Debug|Any CPU.Build.0 = Debug|Any CPU
		{8D9568F4-018E-4CFB-9619-60DF5E337B01}.Release|Any CPU.ActiveCfg = Release|Any CPU
		{8D9568F4-018E-4CFB-9619-60DF5E337B01}.Release|Any CPU.Build.0 = Release|Any CPU
	EndGlobalSection
	GlobalSection(SolutionProperties) = preSolution
		HideSolutionNode = FALSE
	EndGlobalSection
	GlobalSection(ExtensibilityGlobals) = postSolution
		SolutionGuid = {9A376ABD-7C63-44D1-8B77-FADC2DD179E0}
	EndGlobalSection
EndGlobal
